version = 1
revision = 3
requires-python = ">=3.10"

[[package]]
name = "colorama"
version = "0.4.6"
source = { registry = "https://pypi.org/simple" }
sdist = { url = "https://files.pythonhosted.org/packages/d8/53/6f443c9a4a8358a93a6792e2acffb9d9d5cb0a5cfd8802644b7b1c9a02e4/colorama-0.4.6.tar.gz", hash = "sha256:08695f5cb7ed6e0531a20572697297273c47b8cae5a63ffc6d6ed5c201be6e44", size = 27697, upload-time = "2022-10-25T02:36:22.414Z" }
wheels = [
    { url = "https://files.pythonhosted.org/packages/d1/d6/3965ed04c63042e047cb6a3e6ed1a63a35087b6a609aa3a15ed8ac56c221/colorama-0.4.6-py2.py3-none-any.whl", hash = "sha256:4f1d9991f5acc0ca119f9d443620b77f9d6b33703e51011c16baf57afb285fc6", size = 25335, upload-time = "2022-10-25T02:36:20.889Z" },
]

[[package]]
name = "exceptiongroup"
version = "1.3.1"
source = { registry = "https://pypi.org/simple" }
dependencies = [
    { name = "typing-extensions", marker = "python_full_version < '3.13'" },
]
sdist = { url = "https://files.pythonhosted.org/packages/50/79/66800aadf48771f6b62f7eb014e352e5d06856655206165d775e675a02c9/exceptiongroup-1.3.1.tar.gz", hash = "sha256:8b412432c6055b0b7d14c310000ae93352ed6754f70fa8f7c34141f91c4e3219", size = 30371, upload-time = "2025-11-21T23:01:54.787Z" }
wheels = [
    { url = "https://files.pythonhosted.org/packages/8a/0e/97c33bf5009bdbac74fd2beace167cab3f978feb69cc36f1ef79360d6c4e/exceptiongroup-1.3.1-py3-none-any.whl", hash = "sha256:a7a39a3bd276781e98394987d3a5701d0c4edffb633bb7a5144577f82c773598", size = 16740, upload-time = "2025-11-21T23:01:53.443Z" },
]

[[package]]
name = "hypothesis"
version = "6.165.1"
source = { registry = "https://pypi.org/simple" }
dependencies = [
    { name = "exceptiongroup", marker = "python_full_version < '3.11'" },
    { name = "sortedcontainers" },
]
sdist = { url = "https://files.pythonhosted.org/packages/29/ba/6a79ef3edd4d32f011267ba709393ba0bb018751fe019032f9b63a3a29fc/hypothesis-6.165.1.tar.gz", hash = "sha256:0fe3ae25bd0b0938d8681eacaa8ebc981761f1387db7bef609b22cfdec848dc2", size = 496225, upload-time = "2026-08-04T21:02:05.394Z" }
wheels = [
    { url = "https://files.pythonhosted.org/packages/c0/24/ad0c5136b1d82b6955f79edbc39f7092dced8c09e9b08aec5a3ec02c02b5/hypothesis-6.165.1-cp310-abi3-macosx_10_12_x86_64.whl", hash = "sha256:1a5640b5e52211e6a876a53af28ec292b984bb02a57be1e39fac38f2f28c6921", size = 775946, upload-time = "2026-08-04T21:00:47.014Z" },
    { url = "https://files.pythonhosted.org/packages/67/4f/c6dc9b300c2da163cc20d857f87e5d7f21240d99f071d1da3c27ac3d6269/hypothesis-6.165.1-cp310-abi3-macosx_11_0_arm64.whl", hash = "sha256:49c385fefc6d43c1f94792718d0f6bdb3dec894239d1118cfcceb48a4eaa495c", size = 771443, upload-time = "2026-08-04T21:00:35.334Z" },
    { url = "https://files.pythonhosted.org/packages/b7/9a/8e9ecb2d0d1608e64cadca9297654c07fecbef8d66a9dce5d26db02bdf19/hypothesis-6.165.1-cp310-abi3-manylinux_2_17_aarch64.manylinux2014_aarch64.whl", hash = "sha256:559f37d914f2a7c5d2b28b3ef7282814992082c1492343fed644244d984208ce", size = 1100733, upload-time = "2026-08-04T21:01:07.771Z" },
    { url = "https://files.pythonhosted.org/packages/d4/9c/68d9378aa849c3495d81630caabd2a6c99a4cbaee1290f2588ab050c1786/hypothesis-6.165.1-cp310-abi3-manylinux_2_17_armv7l.manylinux2014_armv7l.whl", hash = "sha256:0447adc4168062fb58d1dbaa51031eaa991d39293dd6c70ec5818249b9636eca", size = 1129326, upload-time = "2026-08-04T21:01:03.82Z" },
    { url = "https://files.pythonhosted.org/packages/a0/d4/97fcc4d2fc69c71856cc4b7ff8f85d00d0cdc9218e8272630e52a83e8cae/hypothesis-6.165.1-cp310-abi3-manylinux_2_17_x86_64.manylinux2014_x86_64.whl", hash = "sha256:829a45c5459f7070277ac0fb0e7b052a7d9bdc2f54a546bfc34279213b6fa858", size = 1150180, upload-time = "2026-08-04T21:00:42.104Z" },
    { url = "https://files.pythonhosted.org/packages/1b/1f/451f6ab6d0a19d9b0dae2cc8bf6f385321838aab0c99675117900b494d44/hypothesis-6.165.1-cp310-abi3-manylinux_2_31_riscv64.whl", hash = "sha256:5b6ef453c54059493b1fbe3a281c5884e3a53f58bb65cac2c2af41c88437b5f1", size = 1105562, upload-time = "2026-08-04T21:01:05.613Z" },
    { url = "https://files.pythonhosted.org/packages/57/b2/2ca31fd5262addcff75eaa936d2a5883fac72affcfa3aa4d30e6af05a688/hypothesis-6.165.1-cp310-abi3-manylinux_2_5_i686.manylinux1_i686.whl", hash = "sha256:6e12d8c8dca8fc6a16c25929370967450c062f1b75c74ce5bd881f82ce0aff6e", size = 1142296, upload-time = "2026-08-04T21:01:28.47Z" },
    { url = "https://files.pythonhosted.org/packages/14/90/87fd3644fcd27d3b29f3786c53e6d518c1524e07859effd1e664293fc14b/hypothesis-6.165.1-cp310-abi3-musllinux_1_2_aarch64.whl", hash = "sha256:653c596f6dd6fe5f4bdaf2618b8a4806540f1fa44749ec76d6788dc5e701616a", size = 1274544, upload-time = "2026-08-04T21:00:53.554Z" },
    { url = "https://files.pythonhosted.org/packages/06/13/4b5cbbd5a2c5c376e84832853926c2b16dd258cde6c29799fc7575cc36c6/hypothesis-6.165.1-cp310-abi3-musllinux_1_2_armv7l.whl", hash = "sha256:bdb85f80e55d9a0dd922225922b432d4dffe62d38d936e5312dd83b677570c0f", size = 1402353, upload-time = "2026-08-04T21:01:40.308Z" },
    { url = "https://files.pythonhosted.org/packages/2c/de/2ee85a3b3156d2f81ac03616ec57abd02871b84cc42caa4f213143209e20/hypothesis-6.165.1-cp310-abi3-musllinux_1_2_riscv64.whl", hash = "sha256:a6751413ce069adc995292e9220b99716c0b908c141e89c49885e15dfad8ca13", size = 1275154, upload-time = "2026-08-04T21:01:09.572Z" },
    { url = "https://files.pythonhosted.org/packages/2a/96/18bf5d2ffd00b33a7dd98fdf6129fb7e021a235447e63b8ce47cc6e7b535/hypothesis-6.165.1-cp310-abi3-musllinux_1_2_x86_64.whl", hash = "sha256:ac26ad69d2d1871bdb6ac6d2be7bce5b03fef376724f50ade5419248d989ba14", size = 1317213, upload-time = "2026-08-04T21:01:54.815Z" },
    { url = "https://files.pythonhosted.org/packages/2f/f9/a24c2eefb7f76bf1ba0c650acc67a542a5df71ee824c3979f389394e2c22/hypothesis-6.165.1-cp310-abi3-win32.whl", hash = "sha256:24a14ec42347ccd8f9153cc6486b32bf402afc0187d80e6a268a94b1468a72ce", size = 661724, upload-time = "2026-08-04T21:01:13.09Z" },
    { url = "https://files.pythonhosted.org/packages/b6/15/b6e98c68799f381123c872ca3493f1eb400b0e28550be938d1d3d63743c2/hypothesis-6.165.1-cp310-abi3-win_amd64.whl", hash = "sha256:d30337baadfdaccf0ad6d70fe135201722f67f7522584b2a7494cfd7e03798a6", size = 667859, upload-time = "2026-08-04T21:01:11.382Z" },
    { url = "https://files.pythonhosted.org/packages/2f/49/afc3102bb18ed2f5cbfa4ca2dfb2927e6af5ddc992a366494b946ae8021f/hypothesis-6.165.1-cp310-cp310-macosx_10_12_x86_64.whl", hash = "sha256:7d71de7bab66af3152de2d03e615055fda7000c1f2325588bca9bba1ec0e8534", size = 776629, upload-time = "2026-08-04T21:01:20.695Z" },
    { url = "https://files.pythonhosted.org/packages/de/db/c4450c471fa77c70fe4f296d0ad87c984dcd2fd138a10fb475b7f74fe005/hypothesis-6.165.1-cp310-cp310-macosx_11_0_arm64.whl", hash = "sha256:be98424c7501b3f2946d2fb96678688afdb127429be1a101befbae8e3312b6aa", size = 772365, upload-time = "2026-08-04T21:01:26.716Z" },
    { url = "https://files.pythonhosted.org/packages/6f/92/1e0dd48e68e456045ebb04c50f95147b3484226e97a96e3aa9b0f58aaf4a/hypothesis-6.165.1-cp310-cp310-manylinux_2_17_aarch64.manylinux2014_aarch64.whl", hash = "sha256:4d1d91ef9f2a9618a80a34211f6269fabd79338f8cd9e258a2e379a4093b04a1", size = 1101229, upload-time = "2026-08-04T21:00:51.784Z" },
    { url = "https://files.pythonhosted.org/packages/3a/a7/9f32f6dcfa18c5c6662942b6b264faa5b441951e4af347270f161722c23d/hypothesis-6.165.1-cp310-cp310-manylinux_2_17_x86_64.manylinux2014_x86_64.whl", hash = "sha256:dfcdf827ec449c59429eac5230c45d6bc297fb3da127621b7360df7c29ba6a6d", size = 1150647, upload-time = "2026-08-04T21:01:02.114Z" },
    { url = "https://files.pythonhosted.org/packages/52/ef/095902d41884a0f86a43ed98408c79f73216f0fb8209d0005d2d5636d42b/hypothesis-6.165.1-cp310-cp310-musllinux_1_2_aarch64.whl", hash = "sha256:864ed866aaa3527d16aa0a51062f19217919d2fc0c1c7b88ba9023a0bb8dfdec", size = 1275176, upload-time = "2026-08-04T21:00:25.862Z" },
    { url = "https://files.pythonhosted.org/packages/a9/6a/6f75d89d92c006cc71decc5cfc8422560ee9d4d96d71fe15f7461b057863/hypothesis-6.165.1-cp310-cp310-musllinux_1_2_x86_64.whl", hash = "sha256:b2f226bc952c9bb1536bfdcef987be54fc531aa4f9725060f513d1d2ff1e54c3", size = 1317455, upload-time = "2026-08-04T21:00:40.458Z" },
    { url = "https://files.pythonhosted.org/packages/59/a7/0bdd0561abd5901044ecdb533077693f5bb8ed37ed0d2a29794cb270381b/hypothesis-6.165.1-cp310-cp310-win_amd64.whl", hash = "sha256:44d701a2d1078aacec9d473ece2f63b12e7b1bb1afef058408d83eefdcd6a0fd", size = 667742, upload-time = "2026-08-04T21:00:16.2Z" },
    { url = "https://files.pythonhosted.org/packages/50/34/6cc747835aebec9d481b908c762bf552beec2ae7b95d1db3de40a66ef120/hypothesis-6.165.1-cp311-cp311-macosx_10_12_x86_64.whl", hash = "sha256:2dac5c816124efec59dcb8117a4a521e0647faad1041c5280d0009304145ad79", size = 776390, upload-time = "2026-08-04T21:00:55.428Z" },
    { url = "https://files.pythonhosted.org/packages/65/da/98025b789cc9ed7e1136176b3528029ee0c758733cfedc8963f6671e4c7b/hypothesis-6.165.1-cp311-cp311-macosx_11_0_arm64.whl", hash = "sha256:f2d3bf3b4035271024f215ae592b4adeaf5c95569b8a64362f358e6c2fa1fe83", size = 772175, upload-time = "2026-08-04T21:00:20.007Z" },
    { url = "https://files.pythonhosted.org/packages/df/47/4689ddf832a43bcb2fff4045aa37ba3eb5387ede2648488d010d61fc0cdc/hypothesis-6.165.1-cp311-cp311-manylinux_2_17_aarch64.manylinux2014_aarch64.whl", hash = "sha256:52a23badd21024ea3e4767121ed47309a349171e0614ce0069037d891e68a0f9", size = 1101069, upload-time = "2026-08-04T21:00:32.251Z" },
    { url = "https://files.pythonhosted.org/packages/ee/25/b71cac1cc16d633c4b8da876a078d55e1e6b2702acbbc701492390c01cfc/hypothesis-6.165.1-cp311-cp311-manylinux_2_17_x86_64.manylinux2014_x86_64.whl", hash = "sha256:f57a7340e2cfbb0143b9d1cbe982d663560f0eef39e6aa99c6a711f29c072c27", size = 1150514, upload-time = "2026-08-04T21:01:52.536Z" },
    { url = "https://files.pythonhosted.org/packages/7b/c3/525a172b253c7731df33077a2100c270ca4cc257660b6c8b0a5910cb079c/hypothesis-6.165.1-cp311-cp311-musllinux_1_2_aarch64.whl", hash = "sha256:5b06157aca825440da903616abce01fea604342f7516ed8fdd3065ad25f84068", size = 1274890, upload-time = "2026-08-04T21:01:00.579Z" },
    { url = "https://files.pythonhosted.org/packages/d1/c5/905b236db69d8923b3f1821cadfdab6494177bd7e37318f4410756b0d82a/hypothesis-6.165.1-cp311-cp311-musllinux_1_2_x86_64.whl", hash = "sha256:7b5165e043efffbbcabb8ee3fea05e93a05e670cfe03fda46321b2772f6c2d9b", size = 1317486, upload-time = "2026-08-04T21:01:58.519Z" },
    { url = "https://files.pythonhosted.org/packages/f2/8d/4d226b095da3e1b99d7e5d3621f3f964f2a7b5bfbbb82126992a8f6e799b/hypothesis-6.165.1-cp311-cp311-win_amd64.whl", hash = "sha256:9763c1cb9dd6b9a1ab395481d4067b2e8a3b148a97e599b419788e8775106b54", size = 667598, upload-time = "2026-08-04T21:01:34.042Z" },
    { url = "https://files.pythonhosted.org/packages/30/48/7a8de755d9b9cab7caa9ef9051ffa2a5a21f7b20f813c902b0123952ed33/hypothesis-6.165.1-cp312-cp312-macosx_10_12_x86_64.whl", hash = "sha256:53b3d1e8ed9140994955f7bf27c185d45a475dc9d4bc95c69e7bd48b5c3c426f", size = 777509, upload-time = "2026-08-04T21:01:14.907Z" },
    { url = "https://files.pythonhosted.org/packages/54/2b/97224357923b13c3dd84ebbcd39bd414368543306e60b72b72deb0743f4a/hypothesis-6.165.1-cp312-cp312-macosx_11_0_arm64.whl", hash = "sha256:8f4b0e0664e058fdf1637d1ca9d984e5286372ad58b70222195dc535a771c4bd", size = 769074, upload-time = "2026-08-04T21:00:48.553Z" },
    { url = "https://files.pythonhosted.org/packages/e4/f4/e00e850e4e3b1d25b2b7b6528b8fc0dd3ce5c5989cdb4863b6b9cd814b06/hypothesis-6.165.1-cp312-cp312-manylinux_2_17_aarch64.manylinux2014_aarch64.whl", hash = "sha256:616df752e3b2f8db6e463a86ad42942024094050adf4406bda4543b6b91333c3", size = 1099519, upload-time = "2026-08-04T21:00:38.915Z" },
    { url = "https://files.pythonhosted.org/packages/59/cb/24498d5b5a0d73c780a31d9b2269ff032cdacb772a986f8fb52444aa3dae/hypothesis-6.165.1-cp312-cp312-manylinux_2_17_x86_64.manylinux2014_x86_64.whl", hash = "sha256:38a67b9f6807dade978d293be183c7487968a9c3c9a656c33effd75ddc8405f8", size = 1149568, upload-time = "2026-08-04T21:00:45.151Z" },
    { url = "https://files.pythonhosted.org/packages/dd/5b/7da5727dbdf8d72a223270c97b0ab385dd24e9211539f98ed92aefd73adc/hypothesis-6.165.1-cp312-cp312-musllinux_1_2_aarch64.whl", hash = "sha256:62e1022d7eb78819e7256ed169ddbee5c19aaa0cacd5b9f30d30bb0f5d8c9ac2", size = 1272333, upload-time = "2026-08-04T21:00:17.665Z" },
    { url = "https://files.pythonhosted.org/packages/55/3c/008ecb11ef2fa92f5c70c2a657c6c780a952f5a910f985ea886cff2f3e2a/hypothesis-6.165.1-cp312-cp312-musllinux_1_2_x86_64.whl", hash = "sha256:c8cd6fd2336d318a7aa42c492ffb2996a91dd050a27e732226a6a570bfc08725", size = 1316542, upload-time = "2026-08-04T21:00:57.156Z" },
    { url = "https://files.pythonhosted.org/packages/08/85/ee8ea059d01971fd7c0d9498911eac5b94ef6678a39575eebe37fdf2d49b/hypothesis-6.165.1-cp312-cp312-win_amd64.whl", hash = "sha256:16b63ec033a0dceb6e00da6cc5d49bb38803c6825ca68f52604e424a2e3682ed", size = 665024, upload-time = "2026-08-04T21:01:50.588Z" },
    { url = "https://files.pythonhosted.org/packages/58/ae/6154945a7603e305273f98fc10bc3364a6e67d347ff810e02f864a7b7843/hypothesis-6.165.1-cp313-cp313-macosx_10_12_x86_64.whl", hash = "sha256:57c235a348b544455e13300e6cf11e0bf3eea4b692331beb42854edc8e661045", size = 777400, upload-time = "2026-08-04T21:01:48.265Z" },
    { url = "https://files.pythonhosted.org/packages/b7/75/3817a4878664895e2f9c5518aa4918366db5bc2521a6498e480a6ada1b1c/hypothesis-6.165.1-cp313-cp313-macosx_11_0_arm64.whl", hash = "sha256:28b1aae4f2cf6cb99d34b1979d06d21f36ef771afb42418c9243da145e36e09a", size = 769040, upload-time = "2026-08-04T21:00:50.295Z" },
    { url = "https://files.pythonhosted.org/packages/e3/12/34d55b84b761448f76a493e1d71ce1ceb0529a92db013635e74dbbd64030/hypothesis-6.165.1-cp313-cp313-manylinux_2_17_aarch64.manylinux2014_aarch64.whl", hash = "sha256:33fb3293d3b7a56749b34ac64012540bec5c4d2ca701fa47a88cbc88846d1228", size = 1099438, upload-time = "2026-08-04T21:00:37.215Z" },
    { url = "https://files.pythonhosted.org/packages/1c/23/cf88d3ec0521089258000ff17d3a6bd13c78c2efcfaaece9af06e5b0f2d5/hypothesis-6.165.1-cp313-cp313-manylinux_2_17_x86_64.manylinux2014_x86_64.whl", hash = "sha256:9ca1f560b9b0a9b000619d199748994eb8703915bbaf60a5377feaf296f7514f", size = 1149379, upload-time = "2026-08-04T21:01:22.695Z" },
    { url = "https://files.pythonhosted.org/packages/75/d7/cd397baad6a559cc60c3479e4e70013aafe631f29df74e14a29efaf58572/hypothesis-6.165.1-cp313-cp313-musllinux_1_2_aarch64.whl", hash = "sha256:d48b5f390601129fd70bed088883ca80a4cefaf515a85af21c5a4bce35e207a8", size = 1272381, upload-time = "2026-08-04T21:00:21.434Z" },
    { url = "https://files.pythonhosted.org/packages/ae/11/3bb75e5517823ff41220b35862e0af353b183941ff63019e3db8203083a8/hypothesis-6.165.1-cp313-cp313-musllinux_1_2_x86_64.whl", hash = "sha256:d10c79518af6da3fe64107a47dd8c2cc1094b92245976c5b38c0004222d2dd54", size = 1316256, upload-time = "2026-08-04T21:01:32.206Z" },
    { url = "https://files.pythonhosted.org/packages/54/d5/eda5cc31ac6c56a238ae5b341737c812fbc1fb84e93ad47088da96f4a953/hypothesis-6.165.1-cp313-cp313-win_amd64.whl", hash = "sha256:55ed0599c5e5fdf7ada0b48ee1de05f314bcf6f01e49ad92a786da3d169c9d1c", size = 665035, upload-time = "2026-08-04T21:00:24.428Z" },
    { url = "https://files.pythonhosted.org/packages/c7/c5/d7c53d4e6a76f2d27a2179e9ea80ebcc76dcc151e17fa4df07efb943c7ae/hypothesis-6.165.1-cp314-cp314-macosx_10_12_x86_64.whl", hash = "sha256:99c0b348dd0090418ecac8e3f072e7db8f3d4d745b80ed29cb7e6413eba578d5", size = 777613, upload-time = "2026-08-04T21:01:46.361Z" },
    { url = "https://files.pythonhosted.org/packages/7f/ad/d1854bb869e840c0406a271a5f9e82377900317aad38c51a05d31f783df6/hypothesis-6.165.1-cp314-cp314-macosx_11_0_arm64.whl", hash = "sha256:d37ca9b20de6413e931280fce4428cf49ed769dc421d80b4ecce2b2e47266eae", size = 769175, upload-time = "2026-08-04T21:01:18.729Z" },
    { url = "https://files.pythonhosted.org/packages/fd/5b/eecf6b1ad0d41007f88a3347be19e83fb04d53dffcc7c372e20b509bc366/hypothesis-6.165.1-cp314-cp314-manylinux_2_17_aarch64.manylinux2014_aarch64.whl", hash = "sha256:c2dbf82a127e4a598745e6708535dab8e5dafbe498664b6dfaf451f305a8b3fc", size = 1099937, upload-time = "2026-08-04T21:00:27.566Z" },
    { url = "https://files.pythonhosted.org/packages/55/9b/c58c4910cf6766857a7dd31da294f32b26d03e94d05b225c0dcc83fb41b9/hypothesis-6.165.1-cp314-cp314-manylinux_2_17_x86_64.manylinux2014_x86_64.whl", hash = "sha256:6b60824e0a15dd712d0ac93940029cdc79f5a10f1e9289ec0a82bddd8d43a3c4", size = 1149618, upload-time = "2026-08-04T21:00:12.05Z" },
    { url = "https://files.pythonhosted.org/packages/fe/54/34b0228ab9949bd8b198076a779f7114e241b87ff1ae9d32556d7dc3c397/hypothesis-6.165.1-cp314-cp314-musllinux_1_2_aarch64.whl", hash = "sha256:811bb434b1b8593f377daa73acd1e52bcc9cc556dc0cc947ca50e67d0a8dbdb2", size = 1272714, upload-time = "2026-08-04T21:02:03.503Z" },
    { url = "https://files.pythonhosted.org/packages/fd/73/a7895444c85d834ae9bf3ca4190f4a0b07a307735ada504477aee98a2408/hypothesis-6.165.1-cp314-cp314-musllinux_1_2_x86_64.whl", hash = "sha256:5e01cce4e2f7aac0e5d9be41d4920bfeb6f8dda9289f12b64dff32734f421837", size = 1316542, upload-time = "2026-08-04T21:02:00.69Z" },
    { url = "https://files.pythonhosted.org/packages/49/98/4777c98b9fa75b9f0422ebfed218e27167c00c6d56b3336bb6b5d9e22952/hypothesis-6.165.1-cp314-cp314-pyemscripten_2026_0_wasm32.whl", hash = "sha256:849963a2c45ce04ceb1fb32ae5121bb0b70e515e86f8e7d752330f24d5361b06", size = 609126, upload-time = "2026-08-04T21:00:58.736Z" },
    { url = "https://files.pythonhosted.org/packages/ce/4f/98603203f2e7838c180bd2b3bd32c07aecc02d62ce46d040cba4d1b892e9/hypothesis-6.165.1-cp314-cp314-win_amd64.whl", hash = "sha256:6bb8b5899151b35b4453face837536430c3835aabb71431b60ef26f4281a386e", size = 664903, upload-time = "2026-08-04T21:00:43.606Z" },
    { url = "https://files.pythonhosted.org/packages/22/56/22bdc2f83c1457398f996ca11fe3b346cd3852f8efe9517ac841ef86a076/hypothesis-6.165.1-cp314-cp314t-macosx_10_12_x86_64.whl", hash = "sha256:cf7557e571a36809bee6979c9457a3e00d63f4c771b64985f610cdb74223b3be", size = 776196, upload-time = "2026-08-04T21:01:30.284Z" },
    { url = "https://files.pythonhosted.org/packages/77/db/8767634d5ea1c15f35866fcddcf28243491369f7c76fab7be3b1aa4982ce/hypothesis-6.165.1-cp314-cp314t-macosx_11_0_arm64.whl", hash = "sha256:d2ad504983c3d65c96e8ea5f29bb43fe1c6ff5e7446e2a01a1c5882e1f31ec3a", size = 767642, upload-time = "2026-08-04T21:01:38.26Z" },
    { url = "https://files.pythonhosted.org/packages/46/26/4c6219cf21dea687944a1ca2923fbb2e425efe451dedd2949df31bcc5581/hypothesis-6.165.1-cp314-cp314t-manylinux_2_17_aarch64.manylinux2014_aarch64.whl", hash = "sha256:208ceb4bdbb0b1f399926c0fac4d69f03059bd530edefa43e35e3e010b97d3be", size = 1098532, upload-time = "2026-08-04T21:01:36.4Z" },
    { url = "https://files.pythonhosted.org/packages/37/76/008d7d746d24a2dd4eaf4f2baa8b8b93e54a5790b11ad1d331c979ef5230/hypothesis-6.165.1-cp314-cp314t-manylinux_2_17_x86_64.manylinux2014_x86_64.whl", hash = "sha256:79af38746023247c93fda5dfa56dbaafe11ce1553ba3fd7f10c7868cbc077d62", size = 1148486, upload-time = "2026-08-04T21:00:29.117Z" },
    { url = "https://files.pythonhosted.org/packages/bc/fd/85daad6555629f740b1abc810efa23b7fed2405688d2ca90954bcb1c6c94/hypothesis-6.165.1-cp314-cp314t-musllinux_1_2_aarch64.whl", hash = "sha256:a17b70c578e0d30608020502539c213405bd4f93e36804bed43214892e846c6b", size = 1270952, upload-time = "2026-08-04T21:00:33.798Z" },
    { url = "https://files.pythonhosted.org/packages/49/27/e998674ef659d990c3b65508d72d0dafc3b62a665f20fefeb791cf06bf2b/hypothesis-6.165.1-cp314-cp314t-musllinux_1_2_x86_64.whl", hash = "sha256:f3519acd1eb46ad6820f83daab301ef9429317976fc331d4878281808439d8e4", size = 1315358, upload-time = "2026-08-04T21:01:42.435Z" },
    { url = "https://files.pythonhosted.org/packages/4e/78/503f043020ee95697bf829dd118d8b77509254f524b74d1644c3f4bfe9f3/hypothesis-6.165.1-cp314-cp314t-win_amd64.whl", hash = "sha256:b5bd8e3b54f95a53d31da0e020e7bf57aa2cdce91babf5f84cd4b069cf4f2962", size = 665043, upload-time = "2026-08-04T21:01:16.916Z" },
    { url = "https://files.pythonhosted.org/packages/0e/ee/2e7f3b4fd174adb198f4ea458b4b9365ec5f17ba7df0faed2359935aa8c1/hypothesis-6.165.1-pp311-pypy311_pp73-macosx_10_12_x86_64.whl", hash = "sha256:1b1d2311e279c2b2d4770f7f48399e5b9e0a1ca7b496a67e455a1c814a5cb2f5", size = 777317, upload-time = "2026-08-04T21:01:44.301Z" },
    { url = "https://files.pythonhosted.org/packages/67/84/e16eeffe05ad10b4d1e1374bfc2d343c832ef5133b377896c4a1bd852ab0/hypothesis-6.165.1-pp311-pypy311_pp73-macosx_11_0_arm64.whl", hash = "sha256:63d1b0903cfe1eb44a6ed080b1bf553819b48aa51059e0bed862ab6289d4ca7e", size = 773170, upload-time = "2026-08-04T21:01:24.807Z" },
    { url = "https://files.pythonhosted.org/packages/62/f0/28ce96c8aa95cc1155cab4ba8be8dc35052b2b85b441d39763ed2ca390cc/hypothesis-6.165.1-pp311-pypy311_pp73-manylinux_2_17_aarch64.manylinux2014_aarch64.whl", hash = "sha256:02569a32a65da0b0a1fd27b24e94f9b3eef534f351d56c63036632e5d884cf89", size = 1102039, upload-time = "2026-08-04T21:00:30.606Z" },
    { url = "https://files.pythonhosted.org/packages/d8/ed/9d1fb1c006e175773d589d6af225a19df89519a82dbf3dedcca238d328d9/hypothesis-6.165.1-pp311-pypy311_pp73-manylinux_2_17_x86_64.manylinux2014_x86_64.whl", hash = "sha256:e904b427691743564f36f79d75f8698fa683d904c1e0a64b8a3907d27c688798", size = 1151774, upload-time = "2026-08-04T21:00:22.929Z" },
    { url = "https://files.pythonhosted.org/packages/55/1e/59c8e440e655beb92df54e2c743d8daa139ceaae3f8a9447d972d0db8384/hypothesis-6.165.1-pp311-pypy311_pp73-win_amd64.whl", hash = "sha256:2ee14e51fa732cbd026bbef25f48bfeb651eca8188742d1d36108d1dd6f65e95", size = 668692, upload-time = "2026-08-04T21:01:56.633Z" },
]

[[package]]
name = "ines-claude-tools"
version = "0.1.0"
source = { virtual = "." }

[package.dev-dependencies]
dev = [
    { name = "hypothesis" },
    { name = "pytest" },
]

[package.metadata]

[package.metadata.requires-dev]
dev = [
    { name = "hypothesis", specifier = ">=6.112.0" },
    { name = "pytest", specifier = ">=8.3.0" },
]

[[package]]
name = "iniconfig"
version = "2.3.0"
source = { registry = "https://pypi.org/simple" }
sdist = { url = "https://files.pythonhosted.org/packages/72/34/14ca021ce8e5dfedc35312d08ba8bf51fdd999c576889fc2c24cb97f4f10/iniconfig-2.3.0.tar.gz", hash = "sha256:c76315c77db068650d49c5b56314774a7804df16fee4402c1f19d6d15d8c4730", size = 20503, upload-time = "2025-10-18T21:55:43.219Z" }
wheels = [
    { url = "https://files.pythonhosted.org/packages/cb/b1/3846dd7f199d53cb17f49cba7e651e9ce294d8497c8c150530ed11865bb8/iniconfig-2.3.0-py3-none-any.whl", hash = "sha256:f631c04d2c48c52b84d0d0549c99ff3859c98df65b3101406327ecc7d53fbf12", size = 7484, upload-time = "2025-10-18T21:55:41.639Z" },
]

[[package]]
name = "packaging"
version = "26.3"
source = { registry = "https://pypi.org/simple" }
sdist = { url = "https://files.pythonhosted.org/packages/7d/fa/3944b40b07da9ce895c0e6303a5ab7d53da063554f534556b134a54d6093/packaging-26.3.tar.gz", hash = "sha256:94edc256424af38762eb31306eed28beb9f0efc50a8837492c9d6fd6004aed79", size = 313412, upload-time = "2026-08-04T18:15:28.737Z" }
wheels = [
    { url = "https://files.pythonhosted.org/packages/63/34/ba1c580383c9eada3711951fef0795c80b829a078d72188184bcab9dd527/packaging-26.3-py3-none-any.whl", hash = "sha256:d7193f7c8e4e93f444fde0262bf90af30e16fa0ad0ad44cb553c87339b23cd1c", size = 129956, upload-time = "2026-08-04T18:15:27.159Z" },
]

[[package]]
name = "pluggy"
version = "1.6.0"
source = { registry = "https://pypi.org/simple" }
sdist = { url = "https://files.pythonhosted.org/packages/f9/e2/3e91f31a7d2b083fe6ef3fa267035b518369d9511ffab804f839851d2779/pluggy-1.6.0.tar.gz", hash = "sha256:7dcc130b76258d33b90f61b658791dede3486c3e6bfb003ee5c9bfb396dd22f3", size = 69412, upload-time = "2025-05-15T12:30:07.975Z" }
wheels = [
    { url = "https://files.pythonhosted.org/packages/54/20/4d324d65cc6d9205fabedc306948156824eb9f0ee1633355a8f7ec5c66bf/pluggy-1.6.0-py3-none-any.whl", hash = "sha256:e920276dd6813095e9377c0bc5566d94c932c33b27a3e3945d8389c374dd4746", size = 20538, upload-time = "2025-05-15T12:30:06.134Z" },
]

[[package]]
name = "pygments"
version = "2.20.0"
source = { registry = "https://pypi.org/simple" }
sdist = { url = "https://files.pythonhosted.org/packages/c3/b2/bc9c9196916376152d655522fdcebac55e66de6603a76a02bca1b6414f6c/pygments-2.20.0.tar.gz", hash = "sha256:6757cd03768053ff99f3039c1a36d6c0aa0b263438fcab17520b30a303a82b5f", size = 4955991, upload-time = "2026-03-29T13:29:33.898Z" }
wheels = [
    { url = "https://files.pythonhosted.org/packages/f4/7e/a72dd26f3b0f4f2bf1dd8923c85f7ceb43172af56d63c7383eb62b332364/pygments-2.20.0-py3-none-any.whl", hash = "sha256:81a9e26dd42fd28a23a2d169d86d7ac03b46e2f8b59ed4698fb4785f946d0176", size = 1231151, upload-time = "2026-03-29T13:29:30.038Z" },
]

[[package]]
name = "pytest"
version = "9.1.1"
source = { registry = "https://pypi.org/simple" }
dependencies = [
    { name = "colorama", marker = "sys_platform == 'win32'" },
    { name = "exceptiongroup", marker = "python_full_version < '3.11'" },
    { name = "iniconfig" },
    { name = "packaging" },
    { name = "pluggy" },
    { name = "pygments" },
    { name = "tomli", marker = "python_full_version < '3.11'" },
]
sdist = { url = "https://files.pythonhosted.org/packages/e4/47/b9efed96c114afcfa3c9d3fe98a76a1d14c74a9e266d397cf6eb64be5e01/pytest-9.1.1.tar.gz", hash = "sha256:1088fbde8f2b49d95a549a195707afa7a76a3ce9bcadc26b6d71f0ffda5fe313", size = 1636369, upload-time = "2026-06-19T10:58:32.857Z" }
wheels = [
    { url = "https://files.pythonhosted.org/packages/24/25/1de2678b631f5a49215c6c96fff41ba892b0a34df68d6d80292b1b48aa7f/pytest-9.1.1-py3-none-any.whl", hash = "sha256:37a86b45efb9a47a61a36449063e8e18d0cab3161329fc099eb21783169c4f0c", size = 386536, upload-time = "2026-06-19T10:58:31.347Z" },
]

[[package]]
name = "sortedcontainers"
version = "2.4.0"
source = { registry = "https://pypi.org/simple" }
sdist = { url = "https://files.pythonhosted.org/packages/e8/c4/ba2f8066cceb6f23394729afe52f3bf7adec04bf9ed2c820b39e19299111/sortedcontainers-2.4.0.tar.gz", hash = "sha256:25caa5a06cc30b6b83d11423433f65d1f9d76c4c6a0c90e3379eaa43b9bfdb88", size = 30594, upload-time = "2021-05-16T22:03:42.897Z" }
wheels = [
    { url = "https://files.pythonhosted.org/packages/32/46/9cb0e58b2deb7f82b84065f37f3bffeb12413f947f9388e4cac22c4621ce/sortedcontainers-2.4.0-py2.py3-none-any.whl", hash = "sha256:a163dcaede0f1c021485e957a39245190e74249897e2ae4b2aa38595db237ee0", size = 29575, upload-time = "2021-05-16T22:03:41.177Z" },
]

[[package]]
name = "tomli"
version = "2.4.1"
source = { registry = "https://pypi.org/simple" }
sdist = { url = "https://files.pythonhosted.org/packages/22/de/48c59722572767841493b26183a0d1cc411d54fd759c5607c4590b6563a6/tomli-2.4.1.tar.gz", hash = "sha256:7c7e1a961a0b2f2472c1ac5b69affa0ae1132c39adcb67aba98568702b9cc23f", size = 17543, upload-time = "2026-03-25T20:22:03.828Z" }
wheels = [
    { url = "https://files.pythonhosted.org/packages/f4/11/db3d5885d8528263d8adc260bb2d28ebf1270b96e98f0e0268d32b8d9900/tomli-2.4.1-cp311-cp311-macosx_10_9_x86_64.whl", hash = "sha256:f8f0fc26ec2cc2b965b7a3b87cd19c5c6b8c5e5f436b984e85f486d652285c30", size = 154704, upload-time = "2026-03-25T20:21:10.473Z" },
    { url = "https://files.pythonhosted.org/packages/6d/f7/675db52c7e46064a9aa928885a9b20f4124ecb9bc2e1ce74c9106648d202/tomli-2.4.1-cp311-cp311-macosx_11_0_arm64.whl", hash = "sha256:4ab97e64ccda8756376892c53a72bd1f964e519c77236368527f758fbc36a53a", size = 149454, upload-time = "2026-03-25T20:21:12.036Z" },
    { url = "https://files.pythonhosted.org/packages/61/71/81c50943cf953efa35bce7646caab3cf457a7d8c030b27cfb40d7235f9ee/tomli-2.4.1-cp311-cp311-manylinux2014_aarch64.manylinux_2_17_aarch64.manylinux_2_28_aarch64.whl", hash = "sha256:96481a5786729fd470164b47cdb3e0e58062a496f455ee41b4403be77cb5a076", size = 237561, upload-time = "2026-03-25T20:21:13.098Z" },
    { url = "https://files.pythonhosted.org/packages/48/c1/f41d9cb618acccca7df82aaf682f9b49013c9397212cb9f53219e3abac37/tomli-2.4.1-cp311-cp311-manylinux2014_x86_64.manylinux_2_17_x86_64.manylinux_2_28_x86_64.whl", hash = "sha256:5a881ab208c0baf688221f8cecc5401bd291d67e38a1ac884d6736cbcd8247e9", size = 243824, upload-time = "2026-03-25T20:21:14.569Z" },
    { url = "https://files.pythonhosted.org/packages/22/e4/5a816ecdd1f8ca51fb756ef684b90f2780afc52fc67f987e3c61d800a46d/tomli-2.4.1-cp311-cp311-musllinux_1_2_aarch64.whl", hash = "sha256:47149d5bd38761ac8be13a84864bf0b7b70bc051806bc3669ab1cbc56216b23c", size = 242227, upload-time = "2026-03-25T20:21:15.712Z" },
    { url = "https://files.pythonhosted.org/packages/6b/49/2b2a0ef529aa6eec245d25f0c703e020a73955ad7edf73e7f54ddc608aa5/tomli-2.4.1-cp311-cp311-musllinux_1_2_x86_64.whl", hash = "sha256:ec9bfaf3ad2df51ace80688143a6a4ebc09a248f6ff781a9945e51937008fcbc", size = 247859, upload-time = "2026-03-25T20:21:17.001Z" },
    { url = "https://files.pythonhosted.org/packages/83/bd/6c1a630eaca337e1e78c5903104f831bda934c426f9231429396ce3c3467/tomli-2.4.1-cp311-cp311-win32.whl", hash = "sha256:ff2983983d34813c1aeb0fa89091e76c3a22889ee83ab27c5eeb45100560c049", size = 97204, upload-time = "2026-03-25T20:21:18.079Z" },
    { url = "https://files.pythonhosted.org/packages/42/59/71461df1a885647e10b6bb7802d0b8e66480c61f3f43079e0dcd315b3954/tomli-2.4.1-cp311-cp311-win_amd64.whl", hash = "sha256:5ee18d9ebdb417e384b58fe414e8d6af9f4e7a0ae761519fb50f721de398dd4e", size = 108084, upload-time = "2026-03-25T20:21:18.978Z" },
    { url = "https://files.pythonhosted.org/packages/b8/83/dceca96142499c069475b790e7913b1044c1a4337e700751f48ed723f883/tomli-2.4.1-cp311-cp311-win_arm64.whl", hash = "sha256:c2541745709bad0264b7d4705ad453b76ccd191e64aa6f0fc66b69a293a45ece", size = 95285, upload-time = "2026-03-25T20:21:20.309Z" },
    { url = "https://files.pythonhosted.org/packages/c1/ba/42f134a3fe2b370f555f44b1d72feebb94debcab01676bf918d0cb70e9aa/tomli-2.4.1-cp312-cp312-macosx_10_13_x86_64.whl", hash = "sha256:c742f741d58a28940ce01d58f0ab2ea3ced8b12402f162f4d534dfe18ba1cd6a", size = 155924, upload-time = "2026-03-25T20:21:21.626Z" },
    { url = "https://files.pythonhosted.org/packages/dc/c7/62d7a17c26487ade21c5422b646110f2162f1fcc95980ef7f63e73c68f14/tomli-2.4.1-cp312-cp312-macosx_11_0_arm64.whl", hash = "sha256:7f86fd587c4ed9dd76f318225e7d9b29cfc5a9d43de44e5754db8d1128487085", size = 150018, upload-time = "2026-03-25T20:21:23.002Z" },
    { url = "https://files.pythonhosted.org/packages/5c/05/79d13d7c15f13bdef410bdd49a6485b1c37d28968314eabee452c22a7fda/tomli-2.4.1-cp312-cp312-manylinux2014_aarch64.manylinux_2_17_aarch64.manylinux_2_28_aarch64.whl", hash = "sha256:ff18e6a727ee0ab0388507b89d1bc6a22b138d1e2fa56d1ad494586d61d2eae9", size = 244948, upload-time = "2026-03-25T20:21:24.04Z" },
    { url = "https://files.pythonhosted.org/packages/10/90/d62ce007a1c80d0b2c93e02cab211224756240884751b94ca72df8a875ca/tomli-2.4.1-cp312-cp312-manylinux2014_x86_64.manylinux_2_17_x86_64.manylinux_2_28_x86_64.whl", hash = "sha256:136443dbd7e1dee43c68ac2694fde36b2849865fa258d39bf822c10e8068eac5", size = 253341, upload-time = "2026-03-25T20:21:25.177Z" },
    { url = "https://files.pythonhosted.org/packages/1a/7e/caf6496d60152ad4ed09282c1885cca4eea150bfd007da84aea07bcc0a3e/tomli-2.4.1-cp312-cp312-musllinux_1_2_aarch64.whl", hash = "sha256:5e262d41726bc187e69af7825504c933b6794dc3fbd5945e41a79bb14c31f585", size = 248159, upload-time = "2026-03-25T20:21:26.364Z" },
    { url = "https://files.pythonhosted.org/packages/99/e7/c6f69c3120de34bbd882c6fba7975f3d7a746e9218e56ab46a1bc4b42552/tomli-2.4.1-cp312-cp312-musllinux_1_2_x86_64.whl", hash = "sha256:5cb41aa38891e073ee49d55fbc7839cfdb2bc0e600add13874d048c94aadddd1", size = 253290, upload-time = "2026-03-25T20:21:27.46Z" },
    { url = "https://files.pythonhosted.org/packages/d6/2f/4a3c322f22c5c66c4b836ec58211641a4067364f5dcdd7b974b4c5da300c/tomli-2.4.1-cp312-cp312-win32.whl", hash = "sha256:da25dc3563bff5965356133435b757a795a17b17d01dbc0f42fb32447ddfd917", size = 98141, upload-time = "2026-03-25T20:21:28.492Z" },
    { url = "https://files.pythonhosted.org/packages/24/22/4daacd05391b92c55759d55eaee21e1dfaea86ce5c571f10083360adf534/tomli-2.4.1-cp312-cp312-win_amd64.whl", hash = "sha256:52c8ef851d9a240f11a88c003eacb03c31fc1c9c4ec64a99a0f922b93874fda9", size = 108847, upload-time = "2026-03-25T20:21:29.386Z" },
    { url = "https://files.pythonhosted.org/packages/68/fd/70e768887666ddd9e9f5d85129e84910f2db2796f9096aa02b721a53098d/tomli-2.4.1-cp312-cp312-win_arm64.whl", hash = "sha256:f758f1b9299d059cc3f6546ae2af89670cb1c4d48ea29c3cacc4fe7de3058257", size = 95088, upload-time = "2026-03-25T20:21:30.677Z" },
    { url = "https://files.pythonhosted.org/packages/07/06/b823a7e818c756d9a7123ba2cda7d07bc2dd32835648d1a7b7b7a05d848d/tomli-2.4.1-cp313-cp313-macosx_10_13_x86_64.whl", hash = "sha256:36d2bd2ad5fb9eaddba5226aa02c8ec3fa4f192631e347b3ed28186d43be6b54", size = 155866, upload-time = "2026-03-25T20:21:31.65Z" },
    { url = "https://files.pythonhosted.org/packages/14/6f/12645cf7f08e1a20c7eb8c297c6f11d31c1b50f316a7e7e1e1de6e2e7b7e/tomli-2.4.1-cp313-cp313-macosx_11_0_arm64.whl", hash = "sha256:eb0dc4e38e6a1fd579e5d50369aa2e10acfc9cace504579b2faabb478e76941a", size = 149887, upload-time = "2026-03-25T20:21:33.028Z" },
    { url = "https://files.pythonhosted.org/packages/5c/e0/90637574e5e7212c09099c67ad349b04ec4d6020324539297b634a0192b0/tomli-2.4.1-cp313-cp313-manylinux2014_aarch64.manylinux_2_17_aarch64.manylinux_2_28_aarch64.whl", hash = "sha256:c7f2c7f2b9ca6bdeef8f0fa897f8e05085923eb091721675170254cbc5b02897", size = 243704, upload-time = "2026-03-25T20:21:34.51Z" },
    { url = "https://files.pythonhosted.org/packages/10/8f/d3ddb16c5a4befdf31a23307f72828686ab2096f068eaf56631e136c1fdd/tomli-2.4.1-cp313-cp313-manylinux2014_x86_64.manylinux_2_17_x86_64.manylinux_2_28_x86_64.whl", hash = "sha256:f3c6818a1a86dd6dca7ddcaaf76947d5ba31aecc28cb1b67009a5877c9a64f3f", size = 251628, upload-time = "2026-03-25T20:21:36.012Z" },
    { url = "https://files.pythonhosted.org/packages/e3/f1/dbeeb9116715abee2485bf0a12d07a8f31af94d71608c171c45f64c0469d/tomli-2.4.1-cp313-cp313-musllinux_1_2_aarch64.whl", hash = "sha256:d312ef37c91508b0ab2cee7da26ec0b3ed2f03ce12bd87a588d771ae15dcf82d", size = 247180, upload-time = "2026-03-25T20:21:37.136Z" },
    { url = "https://files.pythonhosted.org/packages/d3/74/16336ffd19ed4da28a70959f92f506233bd7cfc2332b20bdb01591e8b1d1/tomli-2.4.1-cp313-cp313-musllinux_1_2_x86_64.whl", hash = "sha256:51529d40e3ca50046d7606fa99ce3956a617f9b36380da3b7f0dd3dd28e68cb5", size = 251674, upload-time = "2026-03-25T20:21:38.298Z" },
    { url = "https://files.pythonhosted.org/packages/16/f9/229fa3434c590ddf6c0aa9af64d3af4b752540686cace29e6281e3458469/tomli-2.4.1-cp313-cp313-win32.whl", hash = "sha256:2190f2e9dd7508d2a90ded5ed369255980a1bcdd58e52f7fe24b8162bf9fedbd", size = 97976, upload-time = "2026-03-25T20:21:39.316Z" },
    { url = "https://files.pythonhosted.org/packages/6a/1e/71dfd96bcc1c775420cb8befe7a9d35f2e5b1309798f009dca17b7708c1e/tomli-2.4.1-cp313-cp313-win_amd64.whl", hash = "sha256:8d65a2fbf9d2f8352685bc1364177ee3923d6baf5e7f43ea4959d7d8bc326a36", size = 108755, upload-time = "2026-03-25T20:21:40.248Z" },
    { url = "https://files.pythonhosted.org/packages/83/7a/d34f422a021d62420b78f5c538e5b102f62bea616d1d75a13f0a88acb04a/tomli-2.4.1-cp313-cp313-win_arm64.whl", hash = "sha256:4b605484e43cdc43f0954ddae319fb75f04cc10dd80d830540060ee7cd0243cd", size = 95265, upload-time = "2026-03-25T20:21:41.219Z" },
    { url = "https://files.pythonhosted.org/packages/3c/fb/9a5c8d27dbab540869f7c1f8eb0abb3244189ce780ba9cd73f3770662072/tomli-2.4.1-cp314-cp314-macosx_10_15_x86_64.whl", hash = "sha256:fd0409a3653af6c147209d267a0e4243f0ae46b011aa978b1080359fddc9b6cf", size = 155726, upload-time = "2026-03-25T20:21:42.23Z" },
    { url = "https://files.pythonhosted.org/packages/62/05/d2f816630cc771ad836af54f5001f47a6f611d2d39535364f148b6a92d6b/tomli-2.4.1-cp314-cp314-macosx_11_0_arm64.whl", hash = "sha256:a120733b01c45e9a0c34aeef92bf0cf1d56cfe81ed9d47d562f9ed591a9828ac", size = 149859, upload-time = "2026-03-25T20:21:43.386Z" },
    { url = "https://files.pythonhosted.org/packages/ce/48/66341bdb858ad9bd0ceab5a86f90eddab127cf8b046418009f2125630ecb/tomli-2.4.1-cp314-cp314-manylinux2014_aarch64.manylinux_2_17_aarch64.manylinux_2_28_aarch64.whl", hash = "sha256:559db847dc486944896521f68d8190be1c9e719fced785720d2216fe7022b662", size = 244713, upload-time = "2026-03-25T20:21:44.474Z" },
    { url = "https://files.pythonhosted.org/packages/df/6d/c5fad00d82b3c7a3ab6189bd4b10e60466f22cfe8a08a9394185c8a8111c/tomli-2.4.1-cp314-cp314-manylinux2014_x86_64.manylinux_2_17_x86_64.manylinux_2_28_x86_64.whl", hash = "sha256:01f520d4f53ef97964a240a035ec2a869fe1a37dde002b57ebc4417a27ccd853", size = 252084, upload-time = "2026-03-25T20:21:45.62Z" },
    { url = "https://files.pythonhosted.org/packages/00/71/3a69e86f3eafe8c7a59d008d245888051005bd657760e96d5fbfb0b740c2/tomli-2.4.1-cp314-cp314-musllinux_1_2_aarch64.whl", hash = "sha256:7f94b27a62cfad8496c8d2513e1a222dd446f095fca8987fceef261225538a15", size = 247973, upload-time = "2026-03-25T20:21:46.937Z" },
    { url = "https://files.pythonhosted.org/packages/67/50/361e986652847fec4bd5e4a0208752fbe64689c603c7ae5ea7cb16b1c0ca/tomli-2.4.1-cp314-cp314-musllinux_1_2_x86_64.whl", hash = "sha256:ede3e6487c5ef5d28634ba3f31f989030ad6af71edfb0055cbbd14189ff240ba", size = 256223, upload-time = "2026-03-25T20:21:48.467Z" },
    { url = "https://files.pythonhosted.org/packages/8c/9a/b4173689a9203472e5467217e0154b00e260621caa227b6fa01feab16998/tomli-2.4.1-cp314-cp314-win32.whl", hash = "sha256:3d48a93ee1c9b79c04bb38772ee1b64dcf18ff43085896ea460ca8dec96f35f6", size = 98973, upload-time = "2026-03-25T20:21:49.526Z" },
    { url = "https://files.pythonhosted.org/packages/14/58/640ac93bf230cd27d002462c9af0d837779f8773bc03dee06b5835208214/tomli-2.4.1-cp314-cp314-win_amd64.whl", hash = "sha256:88dceee75c2c63af144e456745e10101eb67361050196b0b6af5d717254dddf7", size = 109082, upload-time = "2026-03-25T20:21:50.506Z" },
    { url = "https://files.pythonhosted.org/packages/d5/2f/702d5e05b227401c1068f0d386d79a589bb12bf64c3d2c72ce0631e3bc49/tomli-2.4.1-cp314-cp314-win_arm64.whl", hash = "sha256:b8c198f8c1805dc42708689ed6864951fd2494f924149d3e4bce7710f8eb5232", size = 96490, upload-time = "2026-03-25T20:21:51.474Z" },
    { url = "https://files.pythonhosted.org/packages/45/4b/b877b05c8ba62927d9865dd980e34a755de541eb65fffba52b4cc495d4d2/tomli-2.4.1-cp314-cp314t-macosx_10_15_x86_64.whl", hash = "sha256:d4d8fe59808a54658fcc0160ecfb1b30f9089906c50b23bcb4c69eddc19ec2b4", size = 164263, upload-time = "2026-03-25T20:21:52.543Z" },
    { url = "https://files.pythonhosted.org/packages/24/79/6ab420d37a270b89f7195dec5448f79400d9e9c1826df982f3f8e97b24fd/tomli-2.4.1-cp314-cp314t-macosx_11_0_arm64.whl", hash = "sha256:7008df2e7655c495dd12d2a4ad038ff878d4ca4b81fccaf82b714e07eae4402c", size = 160736, upload-time = "2026-03-25T20:21:53.674Z" },
    { url = "https://files.pythonhosted.org/packages/02/e0/3630057d8eb170310785723ed5adcdfb7d50cb7e6455f85ba8a3deed642b/tomli-2.4.1-cp314-cp314t-manylinux2014_aarch64.manylinux_2_17_aarch64.manylinux_2_28_aarch64.whl", hash = "sha256:1d8591993e228b0c930c4bb0db464bdad97b3289fb981255d6c9a41aedc84b2d", size = 270717, upload-time = "2026-03-25T20:21:55.129Z" },
    { url = "https://files.pythonhosted.org/packages/7a/b4/1613716072e544d1a7891f548d8f9ec6ce2faf42ca65acae01d76ea06bb0/tomli-2.4.1-cp314-cp314t-manylinux2014_x86_64.manylinux_2_17_x86_64.manylinux_2_28_x86_64.whl", hash = "sha256:734e20b57ba95624ecf1841e72b53f6e186355e216e5412de414e3c51e5e3c41", size = 278461, upload-time = "2026-03-25T20:21:56.228Z" },
    { url = "https://files.pythonhosted.org/packages/05/38/30f541baf6a3f6df77b3df16b01ba319221389e2da59427e221ef417ac0c/tomli-2.4.1-cp314-cp314t-musllinux_1_2_aarch64.whl", hash = "sha256:8a650c2dbafa08d42e51ba0b62740dae4ecb9338eefa093aa5c78ceb546fcd5c", size = 274855, upload-time = "2026-03-25T20:21:57.653Z" },
    { url = "https://files.pythonhosted.org/packages/77/a3/ec9dd4fd2c38e98de34223b995a3b34813e6bdadf86c75314c928350ed14/tomli-2.4.1-cp314-cp314t-musllinux_1_2_x86_64.whl", hash = "sha256:504aa796fe0569bb43171066009ead363de03675276d2d121ac1a4572397870f", size = 283144, upload-time = "2026-03-25T20:21:59.089Z" },
    { url = "https://files.pythonhosted.org/packages/ef/be/605a6261cac79fba2ec0c9827e986e00323a1945700969b8ee0b30d85453/tomli-2.4.1-cp314-cp314t-win32.whl", hash = "sha256:b1d22e6e9387bf4739fbe23bfa80e93f6b0373a7f1b96c6227c32bef95a4d7a8", size = 108683, upload-time = "2026-03-25T20:22:00.214Z" },
    { url = "https://files.pythonhosted.org/packages/12/64/da524626d3b9cc40c168a13da8335fe1c51be12c0a63685cc6db7308daae/tomli-2.4.1-cp314-cp314t-win_amd64.whl", hash = "sha256:2c1c351919aca02858f740c6d33adea0c5deea37f9ecca1cc1ef9e884a619d26", size = 121196, upload-time = "2026-03-25T20:22:01.169Z" },
    { url = "https://files.pythonhosted.org/packages/5a/cd/e80b62269fc78fc36c9af5a6b89c835baa8af28ff5ad28c7028d60860320/tomli-2.4.1-cp314-cp314t-win_arm64.whl", hash = "sha256:eab21f45c7f66c13f2a9e0e1535309cee140182a9cdae1e041d02e47291e8396", size = 100393, upload-time = "2026-03-25T20:22:02.137Z" },
    { url = "https://files.pythonhosted.org/packages/7b/61/cceae43728b7de99d9b847560c262873a1f6c98202171fd5ed62640b494b/tomli-2.4.1-py3-none-any.whl", hash = "sha256:0d85819802132122da43cb86656f8d1f8c6587d54ae7dcaf30e90533028b49fe", size = 14583, upload-time = "2026-03-25T20:22:03.012Z" },
]

[[package]]
name = "typing-extensions"
version = "4.16.0"
source = { registry = "https://pypi.org/simple" }
sdist = { url = "https://files.pythonhosted.org/packages/f6/cc/6253133b5bb138fc3306cebfbda2c520f545d36b5be2c7255cc528bb45d6/typing_extensions-4.16.0.tar.gz", hash = "sha256:dc983d19a509c94dba722ee6abd33940f7c05a89e243c47e907eb4db6f1a43e5", size = 113555, upload-time = "2026-07-02T08:40:05.92Z" }
wheels = [
    { url = "https://files.pythonhosted.org/packages/49/d3/b8441a820a491ddfc024b0b0cf0393375b75ea13866d9c66727e54c2fc80/typing_extensions-4.16.0-py3-none-any.whl", hash = "sha256:481caa481374e813c1b176ada14e97f1f67a4539ce9cfeb3f350d78d6370c2e8", size = 45571, upload-time = "2026-07-02T08:40:04.659Z" },
]
